// !$*UTF8*$!
{
	archiveVersion = 1;
	classes = {
	};
	objectVersion = 46;
	objects = {

/* Begin PBXBuildFile section */
		16B350B61A22FE7700B70410 /* Foundation.framework in Frameworks */ = {isa = PBXBuildFile; fileRef = 16B350B51A22FE7700B70410 /* Foundation.framework */; };
		16B350B81A22FE7700B70410 /* CoreGraphics.framework in Frameworks */ = {isa = PBXBuildFile; fileRef = 16B350B71A22FE7700B70410 /* CoreGraphics.framework */; };
		16B350BA1A22FE7700B70410 /* UIKit.framework in Frameworks */ = {isa = PBXBuildFile; fileRef = 16B350B91A22FE7700B70410 /* UIKit.framework */; };
		16B350C01A22FE7700B70410 /* InfoPlist.strings in Resources */ = {isa = PBXBuildFile; fileRef = 16B350BE1A22FE7700B70410 /* InfoPlist.strings */; };
		16B350C21A22FE7700B70410 /* main.m in Sources */ = {isa = PBXBuildFile; fileRef = 16B350C11A22FE7700B70410 /* main.m */; };
		16B350C61A22FE7800B70410 /* AppDelegate.m in Sources */ = {isa = PBXBuildFile; fileRef = 16B350C51A22FE7800B70410 /* AppDelegate.m */; };
		16B350C81A22FE7800B70410 /* Images.xcassets in Resources */ = {isa = PBXBuildFile; fileRef = 16B350C71A22FE7800B70410 /* Images.xcassets */; };
		16B350CF1A22FE7800B70410 /* XCTest.framework in Frameworks */ = {isa = PBXBuildFile; fileRef = 16B350CE1A22FE7800B70410 /* XCTest.framework */; };
		16B350D01A22FE7800B70410 /* Foundation.framework in Frameworks */ = {isa = PBXBuildFile; fileRef = 16B350B51A22FE7700B70410 /* Foundation.framework */; };
		16B350D11A22FE7800B70410 /* UIKit.framework in Frameworks */ = {isa = PBXBuildFile; fileRef = 16B350B91A22FE7700B70410 /* UIKit.framework */; };
		16B350D91A22FE7800B70410 /* InfoPlist.strings in Resources */ = {isa = PBXBuildFile; fileRef = 16B350D71A22FE7800B70410 /* InfoPlist.strings */; };
		16B350DB1A22FE7800B70410 /* DemoTests.m in Sources */ = {isa = PBXBuildFile; fileRef = 16B350DA1A22FE7800B70410 /* DemoTests.m */; };
		16B350E61A22FEF800B70410 /* RootViewController.m in Sources */ = {isa = PBXBuildFile; fileRef = 16B350E51A22FEF800B70410 /* RootViewController.m */; };
		16B350E91A2300BA00B70410 /* VideoViewController.m in Sources */ = {isa = PBXBuildFile; fileRef = 16B350E81A2300BA00B70410 /* VideoViewController.m */; };
		16B350EB1A230A1300B70410 /* MediaPlayer.framework in Frameworks */ = {isa = PBXBuildFile; fileRef = 16B350EA1A230A1300B70410 /* MediaPlayer.framework */; };
		16B350EE1A230A4700B70410 /* JWMPMoviePlayerViewController.m in Sources */ = {isa = PBXBuildFile; fileRef = 16B350ED1A230A4700B70410 /* JWMPMoviePlayerViewController.m */; };
/* End PBXBuildFile section */

/* Begin PBXContainerItemProxy section */
		16B350D21A22FE7800B70410 /* PBXContainerItemProxy */ = {
			isa = PBXContainerItemProxy;
			containerPortal = 16B350AA1A22FE7700B70410 /* Project object */;
			proxyType = 1;
			remoteGlobalIDString = 16B350B11A22FE7700B70410;
			remoteInfo = Demo;
		};
/* End PBXContainerItemProxy section */

/* Begin PBXFileReference section */
		16B350B21A22FE7700B70410 /* Demo.app */ = {isa = PBXFileReference; explicitFileType = wrapper.application; includeInIndex = 0; path = Demo.app; sourceTree = BUILT_PRODUCTS_DIR; };
		16B350B51A22FE7700B70410 /* Foundation.framework */ = {isa = PBXFileReference; lastKnownFileType = wrapper.framework; name = Foundation.framework; path = System/Library/Frameworks/Foundation.framework; sourceTree = SDKROOT; };
		16B350B71A22FE7700B70410 /* CoreGraphics.framework */ = {isa = PBXFileReference; lastKnownFileType = wrapper.framework; name = CoreGraphics.framework; path = System/Library/Frameworks/CoreGraphics.framework; sourceTree = SDKROOT; };
		16B350B91A22FE7700B70410 /* UIKit.framework */ = {isa = PBXFileReference; lastKnownFileType = wrapper.framework; name = UIKit.framework; path = System/Library/Frameworks/UIKit.framework; sourceTree = SDKROOT; };
		16B350BD1A22FE7700B70410 /* Demo-Info.plist */ = {isa = PBXFileReference; lastKnownFileType = text.plist.xml; path = "Demo-Info.plist"; sourceTree = "<group>"; };
		16B350BF1A22FE7700B70410 /* en */ = {isa = PBXFileReference; lastKnownFileType = text.plist.strings; name = en; path = en.lproj/InfoPlist.strings; sourceTree = "<group>"; };
		16B350C11A22FE7700B70410 /* main.m */ = {isa = PBXFileReference; lastKnownFileType = sourcecode.c.objc; path = main.m; sourceTree = "<group>"; };
		16B350C31A22FE7700B70410 /* Demo-Prefix.pch */ = {isa = PBXFileReference; lastKnownFileType = sourcecode.c.h; path = "Demo-Prefix.pch"; sourceTree = "<group>"; };
		16B350C41A22FE7800B70410 /* AppDelegate.h */ = {isa = PBXFileReference; lastKnownFileType = sourcecode.c.h; path = AppDelegate.h; sourceTree = "<group>"; };
		16B350C51A22FE7800B70410 /* AppDelegate.m */ = {isa = PBXFileReference; lastKnownFileType = sourcecode.c.objc; path = AppDelegate.m; sourceTree = "<group>"; };
		16B350C71A22FE7800B70410 /* Images.xcassets */ = {isa = PBXFileReference; lastKnownFileType = folder.assetcatalog; path = Images.xcassets; sourceTree = "<group>"; };
		16B350CD1A22FE7800B70410 /* DemoTests.xctest */ = {isa = PBXFileReference; explicitFileType = wrapper.cfbundle; includeInIndex = 0; path = DemoTests.xctest; sourceTree = BUILT_PRODUCTS_DIR; };
		16B350CE1A22FE7800B70410 /* XCTest.framework */ = {isa = PBXFileReference; lastKnownFileType = wrapper.framework; name = XCTest.framework; path = Library/Frameworks/XCTest.framework; sourceTree = DEVELOPER_DIR; };
		16B350D61A22FE7800B70410 /* DemoTests-Info.plist */ = {isa = PBXFileReference; lastKnownFileType = text.plist.xml; path = "DemoTests-Info.plist"; sourceTree = "<group>"; };
		16B350D81A22FE7800B70410 /* en */ = {isa = PBXFileReference; lastKnownFileType = text.plist.strings; name = en; path = en.lproj/InfoPlist.strings; sourceTree = "<group>"; };
		16B350DA1A22FE7800B70410 /* DemoTests.m */ = {isa = PBXFileReference; lastKnownFileType = sourcecode.c.objc; path = DemoTests.m; sourceTree = "<group>"; };
		16B350E41A22FEF800B70410 /* RootViewController.h */ = {isa = PBXFileReference; fileEncoding = 4; lastKnownFileType = sourcecode.c.h; path = RootViewController.h; sourceTree = "<group>"; };
		16B350E51A22FEF800B70410 /* RootViewController.m */ = {isa = PBXFileReference; fileEncoding = 4; lastKnownFileType = sourcecode.c.objc; path = RootViewController.m; sourceTree = "<group>"; };
		16B350E71A2300BA00B70410 /* VideoViewController.h */ = {isa = PBXFileReference; fileEncoding = 4; lastKnownFileType = sourcecode.c.h; path = VideoViewController.h; sourceTree = "<group>"; };
		16B350E81A2300BA00B70410 /* VideoViewController.m */ = {isa = PBXFileReference; fileEncoding = 4; lastKnownFileType = sourcecode.c.objc; path = VideoViewController.m; sourceTree = "<group>"; };
		16B350EA1A230A1300B70410 /* MediaPlayer.framework */ = {isa = PBXFileReference; lastKnownFileType = wrapper.framework; name = MediaPlayer.framework; path = System/Library/Frameworks/MediaPlayer.framework; sourceTree = SDKROOT; };
		16B350EC1A230A4700B70410 /* JWMPMoviePlayerViewController.h */ = {isa = PBXFileReference; fileEncoding = 4; lastKnownFileType = sourcecode.c.h; path = JWMPMoviePlayerViewController.h; sourceTree = "<group>"; };
		16B350ED1A230A4700B70410 /* JWMPMoviePlayerViewController.m */ = {isa = PBXFileReference; fileEncoding = 4; lastKnownFileType = sourcecode.c.objc; path = JWMPMoviePlayerViewController.m; sourceTree = "<group>"; };
/* End PBXFileReference section */

/* Begin PBXFrameworksBuildPhase section */
		16B350AF1A22FE7700B70410 /* Frameworks */ = {
			isa = PBXFrameworksBuildPhase;
			buildActionMask = 2147483647;
			files = (
				16B350EB1A230A1300B70410 /* MediaPlayer.framework in Frameworks */,
				16B350B81A22FE7700B70410 /* CoreGraphics.framework in Frameworks */,
				16B350BA1A22FE7700B70410 /* UIKit.framework in Frameworks */,
				16B350B61A22FE7700B70410 /* Foundation.framework in Frameworks */,
			);
			runOnlyForDeploymentPostprocessing = 0;
		};
		16B350CA1A22FE7800B70410 /* Frameworks */ = {
			isa = PBXFrameworksBuildPhase;
			buildActionMask = 2147483647;
			files = (
				16B350CF1A22FE7800B70410 /* XCTest.framework in Frameworks */,
				16B350D11A22FE7800B70410 /* UIKit.framework in Frameworks */,
				16B350D01A22FE7800B70410 /* Foundation.framework in Frameworks */,
			);
			runOnlyForDeploymentPostprocessing = 0;
		};
/* End PBXFrameworksBuildPhase section */

/* Begin PBXGroup section */
		16B350A91A22FE7700B70410 = {
			isa = PBXGroup;
			children = (
				16B350BB1A22FE7700B70410 /* Demo */,
				16B350D41A22FE7800B70410 /* DemoTests */,
				16B350B41A22FE7700B70410 /* Frameworks */,
				16B350B31A22FE7700B70410 /* Products */,
			);
			sourceTree = "<group>";
		};
		16B350B31A22FE7700B70410 /* Products */ = {
			isa = PBXGroup;
			children = (
				16B350B21A22FE7700B70410 /* Demo.app */,
				16B350CD1A22FE7800B70410 /* DemoTests.xctest */,
			);
			name = Products;
			sourceTree = "<group>";
		};
		16B350B41A22FE7700B70410 /* Frameworks */ = {
			isa = PBXGroup;
			children = (
				16B350EA1A230A1300B70410 /* MediaPlayer.framework */,
				16B350B51A22FE7700B70410 /* Foundation.framework */,
				16B350B71A22FE7700B70410 /* CoreGraphics.framework */,
				16B350B91A22FE7700B70410 /* UIKit.framework */,
				16B350CE1A22FE7800B70410 /* XCTest.framework */,
			);
			name = Frameworks;
			sourceTree = "<group>";
		};
		16B350BB1A22FE7700B70410 /* Demo */ = {
			isa = PBXGroup;
			children = (
				16B350C41A22FE7800B70410 /* AppDelegate.h */,
				16B350C51A22FE7800B70410 /* AppDelegate.m */,
				16B350C71A22FE7800B70410 /* Images.xcassets */,
				16B350BC1A22FE7700B70410 /* Supporting Files */,
				16B350E41A22FEF800B70410 /* RootViewController.h */,
				16B350E51A22FEF800B70410 /* RootViewController.m */,
				16B350E71A2300BA00B70410 /* VideoViewController.h */,
				16B350E81A2300BA00B70410 /* VideoViewController.m */,
				16B350EC1A230A4700B70410 /* JWMPMoviePlayerViewController.h */,
				16B350ED1A230A4700B70410 /* JWMPMoviePlayerViewController.m */,
			);
			path = Demo;
			sourceTree = "<group>";
		};
		16B350BC1A22FE7700B70410 /* Supporting Files */ = {
			isa = PBXGroup;
			children = (
				16B350BD1A22FE7700B70410 /* Demo-Info.plist */,
				16B350BE1A22FE7700B70410 /* InfoPlist.strings */,
				16B350C11A22FE7700B70410 /* main.m */,
				16B350C31A22FE7700B70410 /* Demo-Prefix.pch */,
			);
			name = "Supporting Files";
			sourceTree = "<group>";
		};
		16B350D41A22FE7800B70410 /* DemoTests */ = {
			isa = PBXGroup;
			children = (
				16B350DA1A22FE7800B70410 /* DemoTests.m */,
				16B350D51A22FE7800B70410 /* Supporting Files */,
			);
			path = DemoTests;
			sourceTree = "<group>";
		};
		16B350D51A22FE7800B70410 /* Supporting Files */ = {
			isa = PBXGroup;
			children = (
				16B350D61A22FE7800B70410 /* DemoTests-Info.plist */,
				16B350D71A22FE7800B70410 /* InfoPlist.strings */,
			);
			name = "Supporting Files";
			sourceTree = "<group>";
		};
/* End PBXGroup section */

/* Begin PBXNativeTarget section */
		16B350B11A22FE7700B70410 /* Demo */ = {
			isa = PBXNativeTarget;
			buildConfigurationList = 16B350DE1A22FE7800B70410 /* Build configuration list for PBXNativeTarget "Demo" */;
			buildPhases = (
				16B350AE1A22FE7700B70410 /* Sources */,
				16B350AF1A22FE7700B70410 /* Frameworks */,
				16B350B01A22FE7700B70410 /* Resources */,
			);
			buildRules = (
			);
			dependencies = (
			);
			name = Demo;
			productName = Demo;
			productReference = 16B350B21A22FE7700B70410 /* Demo.app */;
			productType = "com.apple.product-type.application";
		};
		16B350CC1A22FE7800B70410 /* DemoTests */ = {
			isa = PBXNativeTarget;
			buildConfigurationList = 16B350E11A22FE7800B70410 /* Build configuration list for PBXNativeTarget "DemoTests" */;
			buildPhases = (
				16B350C91A22FE7800B70410 /* Sources */,
				16B350CA1A22FE7800B70410 /* Frameworks */,
				16B350CB1A22FE7800B70410 /* Resources */,
			);
			buildRules = (
			);
			dependencies = (
				16B350D31A22FE7800B70410 /* PBXTargetDependency */,
			);
			name = DemoTests;
			productName = DemoTests;
			productReference = 16B350CD1A22FE7800B70410 /* DemoTests.xctest */;
			productType = "com.apple.product-type.bundle.unit-test";
		};
/* End PBXNativeTarget section */

/* Begin PBXProject section */
		16B350AA1A22FE7700B70410 /* Project object */ = {
			isa = PBXProject;
			attributes = {
				LastUpgradeCheck = 0500;
				ORGANIZATIONNAME = JatWaston;
				TargetAttributes = {
					16B350CC1A22FE7800B70410 = {
						TestTargetID = 16B350B11A22FE7700B70410;
					};
				};
			};
			buildConfigurationList = 16B350AD1A22FE7700B70410 /* Build configuration list for PBXProject "Demo" */;
			compatibilityVersion = "Xcode 3.2";
			developmentRegion = English;
			hasScannedForEncodings = 0;
			knownRegions = (
				en,
			);
			mainGroup = 16B350A91A22FE7700B70410;
			productRefGroup = 16B350B31A22FE7700B70410 /* Products */;
			projectDirPath = "";
			projectRoot = "";
			targets = (
				16B350B11A22FE7700B70410 /* Demo */,
				16B350CC1A22FE7800B70410 /* DemoTests */,
			);
		};
/* End PBXProject section */

/* Begin PBXResourcesBuildPhase section */
		16B350B01A22FE7700B70410 /* Resources */ = {
			isa = PBXResourcesBuildPhase;
			buildActionMask = 2147483647;
			files = (
				16B350C01A22FE7700B70410 /* InfoPlist.strings in Resources */,
				16B350C81A22FE7800B70410 /* Images.xcassets in Resources */,
			);
			runOnlyForDeploymentPostprocessing = 0;
		};
		16B350CB1A22FE7800B70410 /* Resources */ = {
			isa = PBXResourcesBuildPhase;
			buildActionMask = 2147483647;
			files = (
				16B350D91A22FE7800B70410 /* InfoPlist.strings in Resources */,
			);
			runOnlyForDeploymentPostprocessing = 0;
		};
/* End PBXResourcesBuildPhase section */

/* Begin PBXSourcesBuildPhase section */
		16B350AE1A22FE7700B70410 /* Sources */ = {
			isa = PBXSourcesBuildPhase;
			buildActionMask = 2147483647;
			files = (
				16B350C61A22FE7800B70410 /* AppDelegate.m in Sources */,
				16B350C21A22FE7700B70410 /* main.m in Sources */,
				16B350EE1A230A4700B70410 /* JWMPMoviePlayerViewController.m in Sources */,
				16B350E91A2300BA00B70410 /* VideoViewController.m in Sources */,
				16B350E61A22FEF800B70410 /* RootViewController.m in Sources */,
			);
			runOnlyForDeploymentPostprocessing = 0;
		};
		16B350C91A22FE7800B70410 /* Sources */ = {
			isa = PBXSourcesBuildPhase;
			buildActionMask = 2147483647;
			files = (
				16B350DB1A22FE7800B70410 /* DemoTests.m in Sources */,
			);
			runOnlyForDeploymentPostprocessing = 0;
		};
/* End PBXSourcesBuildPhase section */

/* Begin PBXTargetDependency section */
		16B350D31A22FE7800B70410 /* PBXTargetDependency */ = {
			isa = PBXTargetDependency;
			target = 16B350B11A22FE7700B70410 /* Demo */;
			targetProxy = 16B350D21A22FE7800B70410 /* PBXContainerItemProxy */;
		};
/* End PBXTargetDependency section */

/* Begin PBXVariantGroup section */
		16B350BE1A22FE7700B70410 /* InfoPlist.strings */ = {
			isa = PBXVariantGroup;
			children = (
				16B350BF1A22FE7700B70410 /* en */,
			);
			name = InfoPlist.strings;
			sourceTree = "<group>";
		};
		16B350D71A22FE7800B70410 /* InfoPlist.strings */ = {
			isa = PBXVariantGroup;
			children = (
				16B350D81A22FE7800B70410 /* en */,
			);
			name = InfoPlist.strings;
			sourceTree = "<group>";
		};
/* End PBXVariantGroup section */

/* Begin XCBuildConfiguration section */
		16B350DC1A22FE7800B70410 /* Debug */ = {
			isa = XCBuildConfiguration;
			buildSettings = {
				ALWAYS_SEARCH_USER_PATHS = NO;
				ARCHS = "$(ARCHS_STANDARD_INCLUDING_64_BIT)";
				CLANG_CXX_LANGUAGE_STANDARD = "gnu++0x";
				CLANG_CXX_LIBRARY = "libc++";
				CLANG_ENABLE_MODULES = YES;
				CLANG_ENABLE_OBJC_ARC = YES;
				CLANG_WARN_BOOL_CONVERSION = YES;
				CLANG_WARN_CONSTANT_CONVERSION = YES;
				CLANG_WARN_DIRECT_OBJC_ISA_USAGE = YES_ERROR;
				CLANG_WARN_EMPTY_BODY = YES;
				CLANG_WARN_ENUM_CONVERSION = YES;
				CLANG_WARN_INT_CONVERSION = YES;
				CLANG_WARN_OBJC_ROOT_CLASS = YES_ERROR;
				CLANG_WARN__DUPLICATE_METHOD_MATCH = YES;
				"CODE_SIGN_IDENTITY[sdk=iphoneos*]" = "iPhone Developer";
				COPY_PHASE_STRIP = NO;
				GCC_C_LANGUAGE_STANDARD = gnu99;
				GCC_DYNAMIC_NO_PIC = NO;
				GCC_OPTIMIZATION_LEVEL = 0;
				GCC_PREPROCESSOR_DEFINITIONS = (
					"DEBUG=1",
					"$(inherited)",
				);
				GCC_SYMBOLS_PRIVATE_EXTERN = NO;
				GCC_WARN_64_TO_32_BIT_CONVERSION = YES;
				GCC_WARN_ABOUT_RETURN_TYPE = YES_ERROR;
				GCC_WARN_UNDECLARED_SELECTOR = YES;
				GCC_WARN_UNINITIALIZED_AUTOS = YES;
				GCC_WARN_UNUSED_FUNCTION = YES;
				GCC_WARN_UNUSED_VARIABLE = YES;
				IPHONEOS_DEPLOYMENT_TARGET = 7.0;
				ONLY_ACTIVE_ARCH = YES;
				SDKROOT = iphoneos;
			};
			name = Debug;
		};
		16B350DD1A22FE7800B70410 /* Release */ = {
			isa = XCBuildConfiguration;
			buildSettings = {
				ALWAYS_SEARCH_USER_PATHS = NO;
				ARCHS = "$(ARCHS_STANDARD_INCLUDING_64_BIT)";
				CLANG_CXX_LANGUAGE_STANDARD = "gnu++0x";
				CLANG_CXX_LIBRARY = "libc++";
				CLANG_ENABLE_MODULES = YES;
				CLANG_ENABLE_OBJC_ARC = YES;
				CLANG_WARN_BOOL_CONVERSION = YES;
				CLANG_WARN_CONSTANT_CONVERSION = YES;
				CLANG_WARN_DIRECT_OBJC_ISA_USAGE = YES_ERROR;
				CLANG_WARN_EMPTY_BODY = YES;
				CLANG_WARN_ENUM_CONVERSION = YES;
				CLANG_WARN_INT_CONVERSION = YES;
				CLANG_WARN_OBJC_ROOT_CLASS = YES_ERROR;
				CLANG_WARN__DUPLICATE_METHOD_MATCH = YES;
				"CODE_SIGN_IDENTITY[sdk=iphoneos*]" = "iPhone Developer";
				COPY_PHASE_STRIP = YES;
				ENABLE_NS_ASSERTIONS = NO;
				GCC_C_LANGUAGE_STANDARD = gnu99;
				GCC_WARN_64_TO_32_BIT_CONVERSION = YES;
				GCC_WARN_ABOUT_RETURN_TYPE = YES_ERROR;
				GCC_WARN_UNDECLARED_SELECTOR = YES;
				GCC_WARN_UNINITIALIZED_AUTOS = YES;
				GCC_WARN_UNUSED_FUNCTION = YES;
				GCC_WARN_UNUSED_VARIABLE = YES;
				IPHONEOS_DEPLOYMENT_TARGET = 7.0;
				SDKROOT = iphoneos;
				VALIDATE_PRODUCT = YES;
			};
			name = Release;
		};
		16B350DF1A22FE7800B70410 /* Debug */ = {
			isa = XCBuildConfiguration;
			buildSettings = {
				ASSETCATALOG_COMPILER_APPICON_NAME = AppIcon;
				ASSETCATALOG_COMPILER_LAUNCHIMAGE_NAME = LaunchImage;
				GCC_PRECOMPILE_PREFIX_HEADER = YES;
				GCC_PREFIX_HEADER = "Demo/Demo-Prefix.pch";
				INFOPLIST_FILE = "Demo/Demo-Info.plist";
				PRODUCT_NAME = "$(TARGET_NAME)";
				WRAPPER_EXTENSION = app;
			};
			name = Debug;
		};
		16B350E01A22FE7800B70410 /* Release */ = {
			isa = XCBuildConfiguration;
			buildSettings = {
				ASSETCATALOG_COMPILER_APPICON_NAME = AppIcon;
				ASSETCATALOG_COMPILER_LAUNCHIMAGE_NAME = LaunchImage;
				GCC_PRECOMPILE_PREFIX_HEADER = YES;
				GCC_PREFIX_HEADER = "Demo/Demo-Prefix.pch";
				INFOPLIST_FILE = "Demo/Demo-Info.plist";
				PRODUCT_NAME = "$(TARGET_NAME)";
				WRAPPER_EXTENSION = app;
			};
			name = Release;
		};
		16B350E21A22FE7800B70410 /* Debug */ = {
			isa = XCBuildConfiguration;
			buildSettings = {
				ARCHS = "$(ARCHS_STANDARD_INCLUDING_64_BIT)";
				BUNDLE_LOADER = "$(BUILT_PRODUCTS_DIR)/Demo.app/Demo";
				FRAMEWORK_SEARCH_PATHS = (
					"$(SDKROOT)/Developer/Library/Frameworks",
					"$(inherited)",
					"$(DEVELOPER_FRAMEWORKS_DIR)",
				);
				GCC_PRECOMPILE_PREFIX_HEADER = YES;
				GCC_PREFIX_HEADER = "Demo/Demo-Prefix.pch";
				GCC_PREPROCESSOR_DEFINITIONS = (
					"DEBUG=1",
					"$(inherited)",
				);
				INFOPLIST_FILE = "DemoTests/DemoTests-Info.plist";
				PRODUCT_NAME = "$(TARGET_NAME)";
				TEST_HOST = "$(BUNDLE_LOADER)";
				WRAPPER_EXTENSION = xctest;
			};
			name = Debug;
		};
		16B350E31A22FE7800B70410 /* Release */ = {
			isa = XCBuildConfiguration;
			buildSettings = {
				ARCHS = "$(ARCHS_STANDARD_INCLUDING_64_BIT)";
				BUNDLE_LOADER = "$(BUILT_PRODUCTS_DIR)/Demo.app/Demo";
				FRAMEWORK_SEARCH_PATHS = (
					"$(SDKROOT)/Developer/Library/Frameworks",
					"$(inherited)",
					"$(DEVELOPER_FRAMEWORKS_DIR)",
				);
				GCC_PRECOMPILE_PREFIX_HEADER = YES;
				GCC_PREFIX_HEADER = "Demo/Demo-Prefix.pch";
				INFOPLIST_FILE = "DemoTests/DemoTests-Info.plist";
				PRODUCT_NAME = "$(TARGET_NAME)";
				TEST_HOST = "$(BUNDLE_LOADER)";
				WRAPPER_EXTENSION = xctest;
			};
			name = Release;
		};
/* End XCBuildConfiguration section */

/* Begin XCConfigurationList section */
		16B350AD1A22FE7700B70410 /* Build configuration list for PBXProject "Demo" */ = {
			isa = XCConfigurationList;
			buildConfigurations = (
				16B350DC1A22FE7800B70410 /* Debug */,
				16B350DD1A22FE7800B70410 /* Release */,
			);
			defaultConfigurationIsVisible = 0;
			defaultConfigurationName = Release;
		};
		16B350DE1A22FE7800B70410 /* Build configuration list for PBXNativeTarget "Demo" */ = {
			isa = XCConfigurationList;
			buildConfigurations = (
				16B350DF1A22FE7800B70410 /* Debug */,
				16B350E01A22FE7800B70410 /* Release */,
			);
			defaultConfigurationIsVisible = 0;
		};
		16B350E11A22FE7800B70410 /* Build configuration list for PBXNativeTarget "DemoTests" */ = {
			isa = XCConfigurationList;
			buildConfigurations = (
				16B350E21A22FE7800B70410 /* Debug */,
				16B350E31A22FE7800B70410 /* Release */,
			);
			defaultConfigurationIsVisible = 0;
		};
/* End XCConfigurationList section */
	};
	rootObject = 16B350AA1A22FE7700B70410 /* Project object */;
}
